{
    "_readme": [
        "This file locks the dependencies of your project to a known state",
        "Read more about it at https://getcomposer.org/doc/01-basic-usage.md#composer-lock-the-lock-file",
        "This file is @generated automatically"
    ],
    "hash": "bf2e6c502b9a02d9e63e2ab57abebf73",
    "packages": [
        {
            "name": "sybio/image-workshop",
            "version": "dev-master",
            "source": {
                "type": "git",
                "url": "https://github.com/Sybio/ImageWorkshop.git",
                "reference": "92c8c6e18521ad38148320e07d6753e7a9959113"
            },
            "dist": {
                "type": "zip",
                "url": "https://api.github.com/repos/Sybio/ImageWorkshop/zipball/92c8c6e18521ad38148320e07d6753e7a9959113",
                "reference": "92c8c6e18521ad38148320e07d6753e7a9959113",
                "shasum": ""
            },
            "require": {
                "ext-exif": "*",
                "ext-gd": "*",
                "php": ">=5.3.0"
            },
            "require-dev": {
                "phpunit/phpunit": "~4.5"
            },
            "type": "library",
            "autoload": {
                "psr-0": {
                    "PHPImageWorkshop": "src"
                }
            },
            "notification-url": "https://packagist.org/downloads/",
            "license": [
                "MIT"
            ],
            "authors": [
                {
                    "name": "Clément Guillemain",
                    "homepage": "http://clementguillemain.fr",
                    "role": "Developer / Freelancer"
                },
                {
                    "name": "ImageWorkshop Community",
                    "homepage": "https://github.com/Sybio/ImageWorkshop/graphs/contributors"
                }
            ],
            "description": "Powerful PHP class using GD library to work easily with images including layer notion (like Photoshop or GIMP)",
            "homepage": "http://phpimageworkshop.com",
            "keywords": [
                "class",
                "crop",
                "gd",
                "image",
                "library",
                "resize",
                "rotate",
                "thumbnail",
                "watermark"
            ],
            "time": "2015-03-27 06:44:13"
        }
    ],
    "packages-dev": [],
    "aliases": [],
    "minimum-stability": "stable",
    "stability-flags": {
        "sybio/image-workshop": 20
    },
    "prefer-stable": false,
    "prefer-lowest": false,
    "platform": [],
    "platform-dev": []
}
